
Microsoft Visual Studio Solution File, Format Version 12.00
Project("{FAE04EC0-301F-11D3-BF4B-00C04F79EFBC}") = "Core", "src\Core\Core.csproj", "{20BADD73-B6B5-41E6-A7F5-6F7FB3450ED3}"
EndProject
Project("{FAE04EC0-301F-11D3-BF4B-00C04F79EFBC}") = "Watrix", "src\Watrix\Watrix.csproj", "{34E7A1B1-4BF1-47A1-BC3C-74DC0F3767BA}"
EndProject
Global
	GlobalSection(SolutionConfigurationPlatforms) = preSolution
		Debug|Any CPU = Debug|Any CPU
		Release|Any CPU = Release|Any CPU
	EndGlobalSection
	GlobalSection(ProjectConfigurationPlatforms) = postSolution
		{20BADD73-B6B5-41E6-A7F5-6F7FB3450ED3}.Debug|Any CPU.ActiveCfg = Debug|Any CPU
		{20BADD73-B6B5-41E6-A7F5-6F7FB3450ED3}.Debug|Any CPU.Build.0 = Debug|Any CPU
		{20BADD73-B6B5-41E6-A7F5-6F7FB3450ED3}.Release|Any CPU.ActiveCfg = Release|Any CPU
		{20BADD73-B6B5-41E6-A7F5-6F7FB3450ED3}.Release|Any CPU.Build.0 = Release|Any CPU
		{34E7A1B1-4BF1-47A1-BC3C-74DC0F3767BA}.Debug|Any CPU.ActiveCfg = Debug|Any CPU
		{34E7A1B1-4BF1-47A1-BC3C-74DC0F3767BA}.Debug|Any CPU.Build.0 = Debug|Any CPU
		{34E7A1B1-4BF1-47A1-BC3C-74DC0F3767BA}.Release|Any CPU.ActiveCfg = Release|Any CPU
		{34E7A1B1-4BF1-47A1-BC3C-74DC0F3767BA}.Release|Any CPU.Build.0 = Release|Any CPU
	EndGlobalSection
EndGlobal
